Microsoft Visual Studio Solution File, Format Version 12.00
# Visual Studio Version 17
VisualStudioVersion = 17.5.2.0
MinimumVisualStudioVersion = 10.0.40219.1
Project("{FAE04EC0-301F-11D3-BF4B-00C04F79EFBC}") = "Part7", "Part7.csproj", "{70434DAB-1BC1-6380-FD65-64BA85D2F11D}"
EndProject
Global
	GlobalSection(SolutionConfigurationPlatforms) = preSolution
		Debug|Any CPU = Debug|Any CPU
		Release|Any CPU = Release|Any CPU
	EndGlobalSection
	GlobalSection(ProjectConfigurationPlatforms) = postSolution
		{70434DAB-1BC1-6380-FD65-64BA85D2F11D}.Debug|Any CPU.ActiveCfg = Debug|Any CPU
		{70434DAB-1BC1-6380-FD65-64BA85D2F11D}.Debug|Any CPU.Build.0 = Debug|Any CPU
		{70434DAB-1BC1-6380-FD65-64BA85D2F11D}.Release|Any CPU.ActiveCfg = Release|Any CPU
		{70434DAB-1BC1-6380-FD65-64BA85D2F11D}.Release|Any CPU.Build.0 = Release|Any CPU
	EndGlobalSection
	GlobalSection(SolutionProperties) = preSolution
		HideSolutionNode = FALSE
	EndGlobalSection
	GlobalSection(ExtensibilityGlobals) = postSolution
		SolutionGuid = {47CB0F7C-812A-44C3-BF16-1D0D4A077772}
	EndGlobalSection
EndGlobal
