Microsoft Visual Studio Solution File, Format Version 12.00
# Visual Studio Version 17
VisualStudioVersion = 17.5.2.0
MinimumVisualStudioVersion = 10.0.40219.1
Project("{FAE04EC0-301F-11D3-BF4B-00C04F79EFBC}") = "ComputeChange", "ComputeChange.csproj", "{C31CAD2A-2FFC-067D-84F5-4DD734EC40E8}"
EndProject
Global
	GlobalSection(SolutionConfigurationPlatforms) = preSolution
		Debug|Any CPU = Debug|Any CPU
		Release|Any CPU = Release|Any CPU
	EndGlobalSection
	GlobalSection(ProjectConfigurationPlatforms) = postSolution
		{C31CAD2A-2FFC-067D-84F5-4DD734EC40E8}.Debug|Any CPU.ActiveCfg = Debug|Any CPU
		{C31CAD2A-2FFC-067D-84F5-4DD734EC40E8}.Debug|Any CPU.Build.0 = Debug|Any CPU
		{C31CAD2A-2FFC-067D-84F5-4DD734EC40E8}.Release|Any CPU.ActiveCfg = Release|Any CPU
		{C31CAD2A-2FFC-067D-84F5-4DD734EC40E8}.Release|Any CPU.Build.0 = Release|Any CPU
	EndGlobalSection
	GlobalSection(SolutionProperties) = preSolution
		HideSolutionNode = FALSE
	EndGlobalSection
	GlobalSection(ExtensibilityGlobals) = postSolution
		SolutionGuid = {60DE15A0-2B4C-4CE4-B395-0C5AC2DBEC47}
	EndGlobalSection
EndGlobal
